
Microsoft Visual Studio Solution File, Format Version 12.00
# Visual Studio 15
VisualStudioVersion = 15.0.28010.2026
MinimumVisualStudioVersion = 10.0.40219.1
Project("{2150E333-8FDC-42A3-9474-1A3956D46DE8}") = "Section 1 - The SOLID Design Principles", "Section 1 - The SOLID Design Principles", "{0337EB0B-0A1D-4C66-A697-C4834F123103}"
EndProject
Project("{FAE04EC0-301F-11D3-BF4B-00C04F79EFBC}") = "LiskovSubstitutionPrinciple", "LiskovSubstitutionPrinciple\LiskovSubstitutionPrinciple.csproj", "{7F57257B-5A2A-4860-8C72-183F7328E15D}"
EndProject
Project("{FAE04EC0-301F-11D3-BF4B-00C04F79EFBC}") = "InterfaceSegregationPrinciple", "InterfaceSegregationPrinciple\InterfaceSegregationPrinciple.csproj", "{9C8BC39D-86CA-4524-948B-E263090C55EE}"
EndProject
Project("{FAE04EC0-301F-11D3-BF4B-00C04F79EFBC}") = "DependencyInversionPrinciple", "DependencyInversionPrinciple\DependencyInversionPrinciple.csproj", "{30DA9DD8-1642-4ADB-91E4-9D872736E791}"
EndProject
Project("{FAE04EC0-301F-11D3-BF4B-00C04F79EFBC}") = "OpenClosedPrinciple", "OpenClosedPrinciple\OpenClosedPrinciple.csproj", "{F91F3C32-BE97-4B65-AA42-BE2E0E0B6D9C}"
EndProject
Project("{FAE04EC0-301F-11D3-BF4B-00C04F79EFBC}") = "SingleResponsibilityPrinciple", "SingleResponsibilityPrinciple\SingleResponsibilityPrinciple.csproj", "{9446E6E7-2F35-4CD7-B06F-381109E77BAF}"
EndProject
Global
	GlobalSection(SolutionConfigurationPlatforms) = preSolution
		Debug|Any CPU = Debug|Any CPU
		Release|Any CPU = Release|Any CPU
	EndGlobalSection
	GlobalSection(ProjectConfigurationPlatforms) = postSolution
		{7F57257B-5A2A-4860-8C72-183F7328E15D}.Debug|Any CPU.ActiveCfg = Debug|Any CPU
		{7F57257B-5A2A-4860-8C72-183F7328E15D}.Debug|Any CPU.Build.0 = Debug|Any CPU
		{7F57257B-5A2A-4860-8C72-183F7328E15D}.Release|Any CPU.ActiveCfg = Release|Any CPU
		{7F57257B-5A2A-4860-8C72-183F7328E15D}.Release|Any CPU.Build.0 = Release|Any CPU
		{9C8BC39D-86CA-4524-948B-E263090C55EE}.Debug|Any CPU.ActiveCfg = Debug|Any CPU
		{9C8BC39D-86CA-4524-948B-E263090C55EE}.Debug|Any CPU.Build.0 = Debug|Any CPU
		{9C8BC39D-86CA-4524-948B-E263090C55EE}.Release|Any CPU.ActiveCfg = Release|Any CPU
		{9C8BC39D-86CA-4524-948B-E263090C55EE}.Release|Any CPU.Build.0 = Release|Any CPU
		{30DA9DD8-1642-4ADB-91E4-9D872736E791}.Debug|Any CPU.ActiveCfg = Debug|Any CPU
		{30DA9DD8-1642-4ADB-91E4-9D872736E791}.Debug|Any CPU.Build.0 = Debug|Any CPU
		{30DA9DD8-1642-4ADB-91E4-9D872736E791}.Release|Any CPU.ActiveCfg = Release|Any CPU
		{30DA9DD8-1642-4ADB-91E4-9D872736E791}.Release|Any CPU.Build.0 = Release|Any CPU
		{F91F3C32-BE97-4B65-AA42-BE2E0E0B6D9C}.Debug|Any CPU.ActiveCfg = Debug|Any CPU
		{F91F3C32-BE97-4B65-AA42-BE2E0E0B6D9C}.Debug|Any CPU.Build.0 = Debug|Any CPU
		{F91F3C32-BE97-4B65-AA42-BE2E0E0B6D9C}.Release|Any CPU.ActiveCfg = Release|Any CPU
		{F91F3C32-BE97-4B65-AA42-BE2E0E0B6D9C}.Release|Any CPU.Build.0 = Release|Any CPU
		{9446E6E7-2F35-4CD7-B06F-381109E77BAF}.Debug|Any CPU.ActiveCfg = Debug|Any CPU
		{9446E6E7-2F35-4CD7-B06F-381109E77BAF}.Debug|Any CPU.Build.0 = Debug|Any CPU
		{9446E6E7-2F35-4CD7-B06F-381109E77BAF}.Release|Any CPU.ActiveCfg = Release|Any CPU
		{9446E6E7-2F35-4CD7-B06F-381109E77BAF}.Release|Any CPU.Build.0 = Release|Any CPU
	EndGlobalSection
	GlobalSection(SolutionProperties) = preSolution
		HideSolutionNode = FALSE
	EndGlobalSection
	GlobalSection(NestedProjects) = preSolution
		{7F57257B-5A2A-4860-8C72-183F7328E15D} = {0337EB0B-0A1D-4C66-A697-C4834F123103}
		{9C8BC39D-86CA-4524-948B-E263090C55EE} = {0337EB0B-0A1D-4C66-A697-C4834F123103}
		{30DA9DD8-1642-4ADB-91E4-9D872736E791} = {0337EB0B-0A1D-4C66-A697-C4834F123103}
		{F91F3C32-BE97-4B65-AA42-BE2E0E0B6D9C} = {0337EB0B-0A1D-4C66-A697-C4834F123103}
		{9446E6E7-2F35-4CD7-B06F-381109E77BAF} = {0337EB0B-0A1D-4C66-A697-C4834F123103}
	EndGlobalSection
	GlobalSection(ExtensibilityGlobals) = postSolution
		SolutionGuid = {5B5DC884-93C8-4E79-A3E6-6DBABCF54827}
	EndGlobalSection
EndGlobal
